name: perl-env
channels:
  - bioconda
  - conda-forge
  - defaults
  - pypi
dependencies:
  - expat=2.4.8
  - icu=70.1
  - libcxx=13.0.1
  - libiconv=1.16
  - libxml2=2.9.14
  - libzlib=1.2.11
  - perl=5.32.1
  - perl-alien-build=2.48
  - perl-alien-libxml2=0.17
  - perl-app-cpanminus=1.7046
  - perl-capture-tiny=0.48
  - perl-carp=1.38
  - perl-constant=1.33
  - perl-data-dumper=2.183
  - perl-exporter=5.72
  - perl-extutils-makemaker=7.64
  - perl-ffi-checklib=0.28
  - perl-file-chdir=0.1010
  - perl-file-path=2.18
  - perl-file-temp=0.2304
  - perl-file-which=1.24
  - perl-importer=0.026
  - perl-parent=0.236
  - perl-path-tiny=0.122
  - perl-pathtools=3.75
  - perl-scope-guard=0.21
  - perl-sub-info=0.002
  - perl-term-table=0.016
  - perl-test2-suite=0.000145
  - perl-xml-libxml=2.0207
  - perl-xml-namespacesupport=1.12
  - perl-xml-parser=2.44
  - perl-xml-sax=1.02
  - perl-xml-sax-base=1.09
  - perl-xml-sax-expat=0.51
  - perl-xml-simple=2.25
  - xz=5.2.5
  - zlib=1.2.11
prefix: /usr/local/Caskroom/miniconda/base/envs/perl-env
